
Microsoft Visual Studio Solution File, Format Version 12.00
# Visual Studio 15
VisualStudioVersion = 15.0.28010.2016
MinimumVisualStudioVersion = 10.0.40219.1
Project("{FAE04EC0-301F-11D3-BF4B-00C04F79EFBC}") = "OpenCVSharp", "OpenCVSharp\OpenCVSharp.csproj", "{6B24F602-72C0-4C8F-B882-C0130A9F5D49}"
EndProject
Global
	GlobalSection(SolutionConfigurationPlatforms) = preSolution
		Debug|Any CPU = Debug|Any CPU
		Release|Any CPU = Release|Any CPU
	EndGlobalSection
	GlobalSection(ProjectConfigurationPlatforms) = postSolution
		{6B24F602-72C0-4C8F-B882-C0130A9F5D49}.Debug|Any CPU.ActiveCfg = Debug|Any CPU
		{6B24F602-72C0-4C8F-B882-C0130A9F5D49}.Debug|Any CPU.Build.0 = Debug|Any CPU
		{6B24F602-72C0-4C8F-B882-C0130A9F5D49}.Release|Any CPU.ActiveCfg = Release|Any CPU
		{6B24F602-72C0-4C8F-B882-C0130A9F5D49}.Release|Any CPU.Build.0 = Release|Any CPU
	EndGlobalSection
	GlobalSection(SolutionProperties) = preSolution
		HideSolutionNode = FALSE
	EndGlobalSection
	GlobalSection(ExtensibilityGlobals) = postSolution
		SolutionGuid = {B7126F6F-33F7-4853-818D-85CC302AE4DD}
	EndGlobalSection
EndGlobal
